
Microsoft Visual Studio Solution File, Format Version 12.00
# Visual Studio 15
VisualStudioVersion = 15.0.28307.1169
MinimumVisualStudioVersion = 10.0.40219.1
Project("{8BC9CEB8-8B4A-11D0-8D11-00A0C91BC942}") = "CodeSignal", "CodeSignal\CodeSignal.vcxproj", "{8AB2DD15-7ED3-4848-A2A6-A577D615D7E7}"
EndProject
Project("{2150E333-8FDC-42A3-9474-1A3956D46DE8}") = "API", "API", "{44AC2E1A-D609-4FF6-AEC8-DF448D052DC0}"
EndProject
Project("{2150E333-8FDC-42A3-9474-1A3956D46DE8}") = "C", "C", "{A520B2A5-186C-4D61-9EAF-FB81B6E49F28}"
EndProject
Project("{8BC9CEB8-8B4A-11D0-8D11-00A0C91BC942}") = "WindowDemo", "WindowDemo\WindowDemo.vcxproj", "{8FFE68EA-9C9E-4340-9AC0-32F4907F901B}"
EndProject
Project("{8BC9CEB8-8B4A-11D0-8D11-00A0C91BC942}") = "Diamond", "Diamond\Diamond.vcxproj", "{C9A70707-F88A-46B0-802D-BBA1E6885D17}"
EndProject
Project("{8BC9CEB8-8B4A-11D0-8D11-00A0C91BC942}") = "SCoreLib", "SCoreLib\SCoreLib.vcxproj", "{63D4C5C2-59E7-4526-A757-C1AF97C1C6D8}"
EndProject
Project("{2150E333-8FDC-42A3-9474-1A3956D46DE8}") = "Practice", "Practice", "{8313BBF5-7CB0-4537-9617-97A3C435BC68}"
	ProjectSection(SolutionItems) = preProject
		Study.txt = Study.txt
	EndProjectSection
EndProject
Project("{8BC9CEB8-8B4A-11D0-8D11-00A0C91BC942}") = "LinkedList", "LinkedList\LinkedList.vcxproj", "{ADF33763-D36A-4AE3-A990-DCEA2319A143}"
EndProject
Project("{8BC9CEB8-8B4A-11D0-8D11-00A0C91BC942}") = "Test", "Test\Test.vcxproj", "{7E164593-B8DE-427C-88A1-A1A90E41C67E}"
EndProject
Project("{8BC9CEB8-8B4A-11D0-8D11-00A0C91BC942}") = "PlantsZombiesAPI", "PlantsZombiesAPI\PlantsZombiesAPI.vcxproj", "{8D9CCFAF-6391-4597-B306-85F6802551BA}"
EndProject
Project("{2150E333-8FDC-42A3-9474-1A3956D46DE8}") = "Network", "Network", "{21774BE9-3A30-4BDE-9E08-4C68F398E36C}"
EndProject
Project("{8BC9CEB8-8B4A-11D0-8D11-00A0C91BC942}") = "SoketEcho1", "SoketEcho1\SoketEcho1.vcxproj", "{D5511A50-3DF6-4755-A6A9-720D92DB57CA}"
EndProject
Project("{8BC9CEB8-8B4A-11D0-8D11-00A0C91BC942}") = "SoketSample", "SoketSample\SoketSample.vcxproj", "{2EF72FB4-31DB-479B-BA37-94F8C631FFCE}"
EndProject
Project("{2150E333-8FDC-42A3-9474-1A3956D46DE8}") = "Basic", "Basic", "{2E732085-7A7F-468A-9248-CFE0D2AF799E}"
EndProject
Project("{2150E333-8FDC-42A3-9474-1A3956D46DE8}") = "Echo", "Echo", "{F42CBA04-2C85-47BC-BDCB-08E38E62E2C2}"
EndProject
Project("{8BC9CEB8-8B4A-11D0-8D11-00A0C91BC942}") = "Client", "Client\Client.vcxproj", "{5D729D44-5AF8-4C87-A9A3-BECF48952E03}"
EndProject
Project("{8BC9CEB8-8B4A-11D0-8D11-00A0C91BC942}") = "Server", "Server\Server.vcxproj", "{C1C6E656-3169-48B4-95EE-102F8107AC0C}"
EndProject
Project("{2150E333-8FDC-42A3-9474-1A3956D46DE8}") = "2DSample", "2DSample", "{B20A4018-F6BC-4C2F-9918-FA1A627DCB6C}"
EndProject
Project("{2150E333-8FDC-42A3-9474-1A3956D46DE8}") = "Tch", "Tch", "{F1193203-FE62-4C6F-8BDE-EC148994041E}"
EndProject
Project("{2150E333-8FDC-42A3-9474-1A3956D46DE8}") = "My", "My", "{CE7ACC44-5449-4338-805B-611D861B8397}"
EndProject
Project("{8BC9CEB8-8B4A-11D0-8D11-00A0C91BC942}") = "Basic_Client", "Basic_Client\Basic_Client.vcxproj", "{FB6F0531-E575-4494-8039-F48E8F23D17B}"
EndProject
Project("{8BC9CEB8-8B4A-11D0-8D11-00A0C91BC942}") = "Basic_Server", "Basic_Server\Basic_Server.vcxproj", "{C6A6FEF8-2403-4D69-B87B-CE85C9C2141D}"
EndProject
Project("{8BC9CEB8-8B4A-11D0-8D11-00A0C91BC942}") = "ChatClient", "Chat_Client\Chat_Client.vcxproj", "{D8C4F4F6-8C6B-41ED-97EF-76F4C8F73F59}"
EndProject
Project("{8BC9CEB8-8B4A-11D0-8D11-00A0C91BC942}") = "ChatServer", "Chat_Server\Chat_Server.vcxproj", "{829F8ACF-3C7F-4E34-9131-A5C5A07F2A91}"
EndProject
Project("{8BC9CEB8-8B4A-11D0-8D11-00A0C91BC942}") = "SChatClient1", "SChatClient1\SChatClient1.vcxproj", "{7039E983-AC8E-4BF9-BAF8-834F0922979B}"
EndProject
Project("{8BC9CEB8-8B4A-11D0-8D11-00A0C91BC942}") = "SChatServer1", "SChatServer1\SChatServer1.vcxproj", "{9501ACD2-1E68-46E9-90A1-34A64C190A5F}"
EndProject
Project("{8BC9CEB8-8B4A-11D0-8D11-00A0C91BC942}") = "SGameClient", "SGameClient\SGameClient.vcxproj", "{03A12847-1BD6-43C0-AFD3-7E21DB7E6A17}"
EndProject
Global
	GlobalSection(SolutionConfigurationPlatforms) = preSolution
		Debug|x64 = Debug|x64
		Debug|x86 = Debug|x86
		Release|x64 = Release|x64
		Release|x86 = Release|x86
	EndGlobalSection
	GlobalSection(ProjectConfigurationPlatforms) = postSolution
		{8AB2DD15-7ED3-4848-A2A6-A577D615D7E7}.Debug|x64.ActiveCfg = Debug|x64
		{8AB2DD15-7ED3-4848-A2A6-A577D615D7E7}.Debug|x64.Build.0 = Debug|x64
		{8AB2DD15-7ED3-4848-A2A6-A577D615D7E7}.Debug|x86.ActiveCfg = Debug|Win32
		{8AB2DD15-7ED3-4848-A2A6-A577D615D7E7}.Debug|x86.Build.0 = Debug|Win32
		{8AB2DD15-7ED3-4848-A2A6-A577D615D7E7}.Release|x64.ActiveCfg = Release|x64
		{8AB2DD15-7ED3-4848-A2A6-A577D615D7E7}.Release|x64.Build.0 = Release|x64
		{8AB2DD15-7ED3-4848-A2A6-A577D615D7E7}.Release|x86.ActiveCfg = Release|Win32
		{8AB2DD15-7ED3-4848-A2A6-A577D615D7E7}.Release|x86.Build.0 = Release|Win32
		{8FFE68EA-9C9E-4340-9AC0-32F4907F901B}.Debug|x64.ActiveCfg = Debug|x64
		{8FFE68EA-9C9E-4340-9AC0-32F4907F901B}.Debug|x64.Build.0 = Debug|x64
		{8FFE68EA-9C9E-4340-9AC0-32F4907F901B}.Debug|x86.ActiveCfg = Debug|Win32
		{8FFE68EA-9C9E-4340-9AC0-32F4907F901B}.Debug|x86.Build.0 = Debug|Win32
		{8FFE68EA-9C9E-4340-9AC0-32F4907F901B}.Release|x64.ActiveCfg = Release|x64
		{8FFE68EA-9C9E-4340-9AC0-32F4907F901B}.Release|x64.Build.0 = Release|x64
		{8FFE68EA-9C9E-4340-9AC0-32F4907F901B}.Release|x86.ActiveCfg = Release|Win32
		{8FFE68EA-9C9E-4340-9AC0-32F4907F901B}.Release|x86.Build.0 = Release|Win32
		{C9A70707-F88A-46B0-802D-BBA1E6885D17}.Debug|x64.ActiveCfg = Debug|x64
		{C9A70707-F88A-46B0-802D-BBA1E6885D17}.Debug|x64.Build.0 = Debug|x64
		{C9A70707-F88A-46B0-802D-BBA1E6885D17}.Debug|x86.ActiveCfg = Debug|Win32
		{C9A70707-F88A-46B0-802D-BBA1E6885D17}.Debug|x86.Build.0 = Debug|Win32
		{C9A70707-F88A-46B0-802D-BBA1E6885D17}.Release|x64.ActiveCfg = Release|x64
		{C9A70707-F88A-46B0-802D-BBA1E6885D17}.Release|x64.Build.0 = Release|x64
		{C9A70707-F88A-46B0-802D-BBA1E6885D17}.Release|x86.ActiveCfg = Release|Win32
		{C9A70707-F88A-46B0-802D-BBA1E6885D17}.Release|x86.Build.0 = Release|Win32
		{63D4C5C2-59E7-4526-A757-C1AF97C1C6D8}.Debug|x64.ActiveCfg = Debug|x64
		{63D4C5C2-59E7-4526-A757-C1AF97C1C6D8}.Debug|x64.Build.0 = Debug|x64
		{63D4C5C2-59E7-4526-A757-C1AF97C1C6D8}.Debug|x86.ActiveCfg = Debug|Win32
		{63D4C5C2-59E7-4526-A757-C1AF97C1C6D8}.Debug|x86.Build.0 = Debug|Win32
		{63D4C5C2-59E7-4526-A757-C1AF97C1C6D8}.Release|x64.ActiveCfg = Release|x64
		{63D4C5C2-59E7-4526-A757-C1AF97C1C6D8}.Release|x64.Build.0 = Release|x64
		{63D4C5C2-59E7-4526-A757-C1AF97C1C6D8}.Release|x86.ActiveCfg = Release|Win32
		{63D4C5C2-59E7-4526-A757-C1AF97C1C6D8}.Release|x86.Build.0 = Release|Win32
		{ADF33763-D36A-4AE3-A990-DCEA2319A143}.Debug|x64.ActiveCfg = Debug|x64
		{ADF33763-D36A-4AE3-A990-DCEA2319A143}.Debug|x64.Build.0 = Debug|x64
		{ADF33763-D36A-4AE3-A990-DCEA2319A143}.Debug|x86.ActiveCfg = Debug|Win32
		{ADF33763-D36A-4AE3-A990-DCEA2319A143}.Debug|x86.Build.0 = Debug|Win32
		{ADF33763-D36A-4AE3-A990-DCEA2319A143}.Release|x64.ActiveCfg = Release|x64
		{ADF33763-D36A-4AE3-A990-DCEA2319A143}.Release|x64.Build.0 = Release|x64
		{ADF33763-D36A-4AE3-A990-DCEA2319A143}.Release|x86.ActiveCfg = Release|Win32
		{ADF33763-D36A-4AE3-A990-DCEA2319A143}.Release|x86.Build.0 = Release|Win32
		{7E164593-B8DE-427C-88A1-A1A90E41C67E}.Debug|x64.ActiveCfg = Debug|x64
		{7E164593-B8DE-427C-88A1-A1A90E41C67E}.Debug|x64.Build.0 = Debug|x64
		{7E164593-B8DE-427C-88A1-A1A90E41C67E}.Debug|x86.ActiveCfg = Debug|Win32
		{7E164593-B8DE-427C-88A1-A1A90E41C67E}.Debug|x86.Build.0 = Debug|Win32
		{7E164593-B8DE-427C-88A1-A1A90E41C67E}.Release|x64.ActiveCfg = Release|x64
		{7E164593-B8DE-427C-88A1-A1A90E41C67E}.Release|x64.Build.0 = Release|x64
		{7E164593-B8DE-427C-88A1-A1A90E41C67E}.Release|x86.ActiveCfg = Release|Win32
		{7E164593-B8DE-427C-88A1-A1A90E41C67E}.Release|x86.Build.0 = Release|Win32
		{8D9CCFAF-6391-4597-B306-85F6802551BA}.Debug|x64.ActiveCfg = Debug|x64
		{8D9CCFAF-6391-4597-B306-85F6802551BA}.Debug|x64.Build.0 = Debug|x64
		{8D9CCFAF-6391-4597-B306-85F6802551BA}.Debug|x86.ActiveCfg = Debug|Win32
		{8D9CCFAF-6391-4597-B306-85F6802551BA}.Debug|x86.Build.0 = Debug|Win32
		{8D9CCFAF-6391-4597-B306-85F6802551BA}.Release|x64.ActiveCfg = Release|x64
		{8D9CCFAF-6391-4597-B306-85F6802551BA}.Release|x64.Build.0 = Release|x64
		{8D9CCFAF-6391-4597-B306-85F6802551BA}.Release|x86.ActiveCfg = Release|Win32
		{8D9CCFAF-6391-4597-B306-85F6802551BA}.Release|x86.Build.0 = Release|Win32
		{D5511A50-3DF6-4755-A6A9-720D92DB57CA}.Debug|x64.ActiveCfg = Debug|x64
		{D5511A50-3DF6-4755-A6A9-720D92DB57CA}.Debug|x64.Build.0 = Debug|x64
		{D5511A50-3DF6-4755-A6A9-720D92DB57CA}.Debug|x86.ActiveCfg = Debug|Win32
		{D5511A50-3DF6-4755-A6A9-720D92DB57CA}.Debug|x86.Build.0 = Debug|Win32
		{D5511A50-3DF6-4755-A6A9-720D92DB57CA}.Release|x64.ActiveCfg = Release|x64
		{D5511A50-3DF6-4755-A6A9-720D92DB57CA}.Release|x64.Build.0 = Release|x64
		{D5511A50-3DF6-4755-A6A9-720D92DB57CA}.Release|x86.ActiveCfg = Release|Win32
		{D5511A50-3DF6-4755-A6A9-720D92DB57CA}.Release|x86.Build.0 = Release|Win32
		{2EF72FB4-31DB-479B-BA37-94F8C631FFCE}.Debug|x64.ActiveCfg = Debug|x64
		{2EF72FB4-31DB-479B-BA37-94F8C631FFCE}.Debug|x64.Build.0 = Debug|x64
		{2EF72FB4-31DB-479B-BA37-94F8C631FFCE}.Debug|x86.ActiveCfg = Debug|Win32
		{2EF72FB4-31DB-479B-BA37-94F8C631FFCE}.Debug|x86.Build.0 = Debug|Win32
		{2EF72FB4-31DB-479B-BA37-94F8C631FFCE}.Release|x64.ActiveCfg = Release|x64
		{2EF72FB4-31DB-479B-BA37-94F8C631FFCE}.Release|x64.Build.0 = Release|x64
		{2EF72FB4-31DB-479B-BA37-94F8C631FFCE}.Release|x86.ActiveCfg = Release|Win32
		{2EF72FB4-31DB-479B-BA37-94F8C631FFCE}.Release|x86.Build.0 = Release|Win32
		{5D729D44-5AF8-4C87-A9A3-BECF48952E03}.Debug|x64.ActiveCfg = Debug|x64
		{5D729D44-5AF8-4C87-A9A3-BECF48952E03}.Debug|x64.Build.0 = Debug|x64
		{5D729D44-5AF8-4C87-A9A3-BECF48952E03}.Debug|x86.ActiveCfg = Debug|Win32
		{5D729D44-5AF8-4C87-A9A3-BECF48952E03}.Debug|x86.Build.0 = Debug|Win32
		{5D729D44-5AF8-4C87-A9A3-BECF48952E03}.Release|x64.ActiveCfg = Release|x64
		{5D729D44-5AF8-4C87-A9A3-BECF48952E03}.Release|x64.Build.0 = Release|x64
		{5D729D44-5AF8-4C87-A9A3-BECF48952E03}.Release|x86.ActiveCfg = Release|Win32
		{5D729D44-5AF8-4C87-A9A3-BECF48952E03}.Release|x86.Build.0 = Release|Win32
		{C1C6E656-3169-48B4-95EE-102F8107AC0C}.Debug|x64.ActiveCfg = Debug|x64
		{C1C6E656-3169-48B4-95EE-102F8107AC0C}.Debug|x64.Build.0 = Debug|x64
		{C1C6E656-3169-48B4-95EE-102F8107AC0C}.Debug|x86.ActiveCfg = Debug|Win32
		{C1C6E656-3169-48B4-95EE-102F8107AC0C}.Debug|x86.Build.0 = Debug|Win32
		{C1C6E656-3169-48B4-95EE-102F8107AC0C}.Release|x64.ActiveCfg = Release|x64
		{C1C6E656-3169-48B4-95EE-102F8107AC0C}.Release|x64.Build.0 = Release|x64
		{C1C6E656-3169-48B4-95EE-102F8107AC0C}.Release|x86.ActiveCfg = Release|Win32
		{C1C6E656-3169-48B4-95EE-102F8107AC0C}.Release|x86.Build.0 = Release|Win32
		{FB6F0531-E575-4494-8039-F48E8F23D17B}.Debug|x64.ActiveCfg = Debug|x64
		{FB6F0531-E575-4494-8039-F48E8F23D17B}.Debug|x64.Build.0 = Debug|x64
		{FB6F0531-E575-4494-8039-F48E8F23D17B}.Debug|x86.ActiveCfg = Debug|Win32
		{FB6F0531-E575-4494-8039-F48E8F23D17B}.Debug|x86.Build.0 = Debug|Win32
		{FB6F0531-E575-4494-8039-F48E8F23D17B}.Release|x64.ActiveCfg = Release|x64
		{FB6F0531-E575-4494-8039-F48E8F23D17B}.Release|x64.Build.0 = Release|x64
		{FB6F0531-E575-4494-8039-F48E8F23D17B}.Release|x86.ActiveCfg = Release|Win32
		{FB6F0531-E575-4494-8039-F48E8F23D17B}.Release|x86.Build.0 = Release|Win32
		{C6A6FEF8-2403-4D69-B87B-CE85C9C2141D}.Debug|x64.ActiveCfg = Debug|x64
		{C6A6FEF8-2403-4D69-B87B-CE85C9C2141D}.Debug|x64.Build.0 = Debug|x64
		{C6A6FEF8-2403-4D69-B87B-CE85C9C2141D}.Debug|x86.ActiveCfg = Debug|Win32
		{C6A6FEF8-2403-4D69-B87B-CE85C9C2141D}.Debug|x86.Build.0 = Debug|Win32
		{C6A6FEF8-2403-4D69-B87B-CE85C9C2141D}.Release|x64.ActiveCfg = Release|x64
		{C6A6FEF8-2403-4D69-B87B-CE85C9C2141D}.Release|x64.Build.0 = Release|x64
		{C6A6FEF8-2403-4D69-B87B-CE85C9C2141D}.Release|x86.ActiveCfg = Release|Win32
		{C6A6FEF8-2403-4D69-B87B-CE85C9C2141D}.Release|x86.Build.0 = Release|Win32
		{D8C4F4F6-8C6B-41ED-97EF-76F4C8F73F59}.Debug|x64.ActiveCfg = Debug|x64
		{D8C4F4F6-8C6B-41ED-97EF-76F4C8F73F59}.Debug|x64.Build.0 = Debug|x64
		{D8C4F4F6-8C6B-41ED-97EF-76F4C8F73F59}.Debug|x86.ActiveCfg = Debug|Win32
		{D8C4F4F6-8C6B-41ED-97EF-76F4C8F73F59}.Debug|x86.Build.0 = Debug|Win32
		{D8C4F4F6-8C6B-41ED-97EF-76F4C8F73F59}.Release|x64.ActiveCfg = Release|x64
		{D8C4F4F6-8C6B-41ED-97EF-76F4C8F73F59}.Release|x64.Build.0 = Release|x64
		{D8C4F4F6-8C6B-41ED-97EF-76F4C8F73F59}.Release|x86.ActiveCfg = Release|Win32
		{D8C4F4F6-8C6B-41ED-97EF-76F4C8F73F59}.Release|x86.Build.0 = Release|Win32
		{829F8ACF-3C7F-4E34-9131-A5C5A07F2A91}.Debug|x64.ActiveCfg = Debug|x64
		{829F8ACF-3C7F-4E34-9131-A5C5A07F2A91}.Debug|x64.Build.0 = Debug|x64
		{829F8ACF-3C7F-4E34-9131-A5C5A07F2A91}.Debug|x86.ActiveCfg = Debug|Win32
		{829F8ACF-3C7F-4E34-9131-A5C5A07F2A91}.Debug|x86.Build.0 = Debug|Win32
		{829F8ACF-3C7F-4E34-9131-A5C5A07F2A91}.Release|x64.ActiveCfg = Release|x64
		{829F8ACF-3C7F-4E34-9131-A5C5A07F2A91}.Release|x64.Build.0 = Release|x64
		{829F8ACF-3C7F-4E34-9131-A5C5A07F2A91}.Release|x86.ActiveCfg = Release|Win32
		{829F8ACF-3C7F-4E34-9131-A5C5A07F2A91}.Release|x86.Build.0 = Release|Win32
		{7039E983-AC8E-4BF9-BAF8-834F0922979B}.Debug|x64.ActiveCfg = Debug|x64
		{7039E983-AC8E-4BF9-BAF8-834F0922979B}.Debug|x64.Build.0 = Debug|x64
		{7039E983-AC8E-4BF9-BAF8-834F0922979B}.Debug|x86.ActiveCfg = Debug|Win32
		{7039E983-AC8E-4BF9-BAF8-834F0922979B}.Debug|x86.Build.0 = Debug|Win32
		{7039E983-AC8E-4BF9-BAF8-834F0922979B}.Release|x64.ActiveCfg = Release|x64
		{7039E983-AC8E-4BF9-BAF8-834F0922979B}.Release|x64.Build.0 = Release|x64
		{7039E983-AC8E-4BF9-BAF8-834F0922979B}.Release|x86.ActiveCfg = Release|Win32
		{7039E983-AC8E-4BF9-BAF8-834F0922979B}.Release|x86.Build.0 = Release|Win32
		{9501ACD2-1E68-46E9-90A1-34A64C190A5F}.Debug|x64.ActiveCfg = Debug|x64
		{9501ACD2-1E68-46E9-90A1-34A64C190A5F}.Debug|x64.Build.0 = Debug|x64
		{9501ACD2-1E68-46E9-90A1-34A64C190A5F}.Debug|x86.ActiveCfg = Debug|Win32
		{9501ACD2-1E68-46E9-90A1-34A64C190A5F}.Debug|x86.Build.0 = Debug|Win32
		{9501ACD2-1E68-46E9-90A1-34A64C190A5F}.Release|x64.ActiveCfg = Release|x64
		{9501ACD2-1E68-46E9-90A1-34A64C190A5F}.Release|x64.Build.0 = Release|x64
		{9501ACD2-1E68-46E9-90A1-34A64C190A5F}.Release|x86.ActiveCfg = Release|Win32
		{9501ACD2-1E68-46E9-90A1-34A64C190A5F}.Release|x86.Build.0 = Release|Win32
		{03A12847-1BD6-43C0-AFD3-7E21DB7E6A17}.Debug|x64.ActiveCfg = Debug|x64
		{03A12847-1BD6-43C0-AFD3-7E21DB7E6A17}.Debug|x64.Build.0 = Debug|x64
		{03A12847-1BD6-43C0-AFD3-7E21DB7E6A17}.Debug|x86.ActiveCfg = Debug|Win32
		{03A12847-1BD6-43C0-AFD3-7E21DB7E6A17}.Debug|x86.Build.0 = Debug|Win32
		{03A12847-1BD6-43C0-AFD3-7E21DB7E6A17}.Release|x64.ActiveCfg = Release|x64
		{03A12847-1BD6-43C0-AFD3-7E21DB7E6A17}.Release|x64.Build.0 = Release|x64
		{03A12847-1BD6-43C0-AFD3-7E21DB7E6A17}.Release|x86.ActiveCfg = Release|Win32
		{03A12847-1BD6-43C0-AFD3-7E21DB7E6A17}.Release|x86.Build.0 = Release|Win32
	EndGlobalSection
	GlobalSection(SolutionProperties) = preSolution
		HideSolutionNode = FALSE
	EndGlobalSection
	GlobalSection(NestedProjects) = preSolution
		{8AB2DD15-7ED3-4848-A2A6-A577D615D7E7} = {8313BBF5-7CB0-4537-9617-97A3C435BC68}
		{8FFE68EA-9C9E-4340-9AC0-32F4907F901B} = {44AC2E1A-D609-4FF6-AEC8-DF448D052DC0}
		{C9A70707-F88A-46B0-802D-BBA1E6885D17} = {A520B2A5-186C-4D61-9EAF-FB81B6E49F28}
		{ADF33763-D36A-4AE3-A990-DCEA2319A143} = {A520B2A5-186C-4D61-9EAF-FB81B6E49F28}
		{7E164593-B8DE-427C-88A1-A1A90E41C67E} = {8313BBF5-7CB0-4537-9617-97A3C435BC68}
		{8D9CCFAF-6391-4597-B306-85F6802551BA} = {44AC2E1A-D609-4FF6-AEC8-DF448D052DC0}
		{D5511A50-3DF6-4755-A6A9-720D92DB57CA} = {F1193203-FE62-4C6F-8BDE-EC148994041E}
		{2EF72FB4-31DB-479B-BA37-94F8C631FFCE} = {F1193203-FE62-4C6F-8BDE-EC148994041E}
		{2E732085-7A7F-468A-9248-CFE0D2AF799E} = {F42CBA04-2C85-47BC-BDCB-08E38E62E2C2}
		{F42CBA04-2C85-47BC-BDCB-08E38E62E2C2} = {B20A4018-F6BC-4C2F-9918-FA1A627DCB6C}
		{5D729D44-5AF8-4C87-A9A3-BECF48952E03} = {2E732085-7A7F-468A-9248-CFE0D2AF799E}
		{C1C6E656-3169-48B4-95EE-102F8107AC0C} = {2E732085-7A7F-468A-9248-CFE0D2AF799E}
		{B20A4018-F6BC-4C2F-9918-FA1A627DCB6C} = {21774BE9-3A30-4BDE-9E08-4C68F398E36C}
		{F1193203-FE62-4C6F-8BDE-EC148994041E} = {21774BE9-3A30-4BDE-9E08-4C68F398E36C}
		{CE7ACC44-5449-4338-805B-611D861B8397} = {21774BE9-3A30-4BDE-9E08-4C68F398E36C}
		{FB6F0531-E575-4494-8039-F48E8F23D17B} = {CE7ACC44-5449-4338-805B-611D861B8397}
		{C6A6FEF8-2403-4D69-B87B-CE85C9C2141D} = {CE7ACC44-5449-4338-805B-611D861B8397}
		{D8C4F4F6-8C6B-41ED-97EF-76F4C8F73F59} = {F1193203-FE62-4C6F-8BDE-EC148994041E}
		{829F8ACF-3C7F-4E34-9131-A5C5A07F2A91} = {F1193203-FE62-4C6F-8BDE-EC148994041E}
		{7039E983-AC8E-4BF9-BAF8-834F0922979B} = {F1193203-FE62-4C6F-8BDE-EC148994041E}
		{9501ACD2-1E68-46E9-90A1-34A64C190A5F} = {F1193203-FE62-4C6F-8BDE-EC148994041E}
		{03A12847-1BD6-43C0-AFD3-7E21DB7E6A17} = {F1193203-FE62-4C6F-8BDE-EC148994041E}
	EndGlobalSection
	GlobalSection(ExtensibilityGlobals) = postSolution
		SolutionGuid = {8CA5F4F3-F11A-4339-87C9-38CD6690C71A}
	EndGlobalSection
EndGlobal
