<?xml version="1.0" encoding="utf-8"?>
<Project ToolsVersion="4.0" xmlns="http://schemas.microsoft.com/developer/msbuild/2003">
  <ItemGroup>
    <Filter Include="소스 파일">
      <UniqueIdentifier>{4FC737F1-C7A5-4376-A066-2A32D752A2FF}</UniqueIdentifier>
      <Extensions>cpp;c;cc;cxx;def;odl;idl;hpj;bat;asm;asmx</Extensions>
    </Filter>
    <Filter Include="헤더 파일">
      <UniqueIdentifier>{93995380-89BD-4b04-88EB-625FBE52EBFB}</UniqueIdentifier>
      <Extensions>h;hh;hpp;hxx;hm;inl;inc;ipp;xsd</Extensions>
    </Filter>
    <Filter Include="리소스 파일">
      <UniqueIdentifier>{67DA6AB6-F800-4c08-8B7A-83BB121AAD01}</UniqueIdentifier>
      <Extensions>rc;ico;cur;bmp;dlg;rc2;rct;bin;rgs;gif;jpg;jpeg;jpe;resx;tiff;tif;png;wav;mfcribbon-ms</Extensions>
    </Filter>
    <Filter Include="Object">
      <UniqueIdentifier>{1602028a-698c-458c-89b0-f127b40cf1ed}</UniqueIdentifier>
    </Filter>
  </ItemGroup>
  <ItemGroup>
    <ClInclude Include="SStd.h">
      <Filter>헤더 파일</Filter>
    </ClInclude>
    <ClInclude Include="SCoreStd.h">
      <Filter>헤더 파일</Filter>
    </ClInclude>
    <ClInclude Include="SCore.h">
      <Filter>헤더 파일</Filter>
    </ClInclude>
    <ClInclude Include="SWindow.h">
      <Filter>헤더 파일</Filter>
    </ClInclude>
    <ClInclude Include="STimer.h">
      <Filter>헤더 파일</Filter>
    </ClInclude>
    <ClInclude Include="SInput.h">
      <Filter>헤더 파일</Filter>
    </ClInclude>
    <ClInclude Include="SWrite.h">
      <Filter>헤더 파일</Filter>
    </ClInclude>
    <ClInclude Include="SSound.h">
      <Filter>헤더 파일</Filter>
    </ClInclude>
    <ClInclude Include="SSoundManager.h">
      <Filter>헤더 파일</Filter>
    </ClInclude>
    <ClInclude Include="SGraphicAPI.h">
      <Filter>헤더 파일</Filter>
    </ClInclude>
    <ClInclude Include="SCollision.h">
      <Filter>헤더 파일</Filter>
    </ClInclude>
    <ClInclude Include="SEffect.h">
      <Filter>헤더 파일</Filter>
    </ClInclude>
    <ClInclude Include="SObject.h">
      <Filter>Object</Filter>
    </ClInclude>
    <ClInclude Include="SObjectManager.h">
      <Filter>Object</Filter>
    </ClInclude>
    <ClInclude Include="SBitmap.h">
      <Filter>Object</Filter>
    </ClInclude>
    <ClInclude Include="SBitmapManager.h">
      <Filter>Object</Filter>
    </ClInclude>
    <ClInclude Include="SProjectile.h">
      <Filter>헤더 파일</Filter>
    </ClInclude>
  </ItemGroup>
  <ItemGroup>
    <ClCompile Include="SCore.cpp">
      <Filter>소스 파일</Filter>
    </ClCompile>
    <ClCompile Include="SWindow.cpp">
      <Filter>소스 파일</Filter>
    </ClCompile>
    <ClCompile Include="STimer.cpp">
      <Filter>소스 파일</Filter>
    </ClCompile>
    <ClCompile Include="SInput.cpp">
      <Filter>소스 파일</Filter>
    </ClCompile>
    <ClCompile Include="SWrite.cpp">
      <Filter>소스 파일</Filter>
    </ClCompile>
    <ClCompile Include="SSound.cpp">
      <Filter>소스 파일</Filter>
    </ClCompile>
    <ClCompile Include="SSoundManager.cpp">
      <Filter>소스 파일</Filter>
    </ClCompile>
    <ClCompile Include="SGraphicAPI.cpp">
      <Filter>소스 파일</Filter>
    </ClCompile>
    <ClCompile Include="SCollision.cpp">
      <Filter>소스 파일</Filter>
    </ClCompile>
    <ClCompile Include="SEffect.cpp">
      <Filter>소스 파일</Filter>
    </ClCompile>
    <ClCompile Include="SObjectManager.cpp">
      <Filter>Object</Filter>
    </ClCompile>
    <ClCompile Include="SObject.cpp">
      <Filter>Object</Filter>
    </ClCompile>
    <ClCompile Include="SBitmap.cpp">
      <Filter>Object</Filter>
    </ClCompile>
    <ClCompile Include="SBitmapManager.cpp">
      <Filter>Object</Filter>
    </ClCompile>
    <ClCompile Include="SProjectile.cpp">
      <Filter>소스 파일</Filter>
    </ClCompile>
  </ItemGroup>
</Project>