<?xml version="1.0" encoding="utf-8"?>
<Project ToolsVersion="4.0" xmlns="http://schemas.microsoft.com/developer/msbuild/2003">
  <ItemGroup>
    <Filter Include="소스 파일">
      <UniqueIdentifier>{4FC737F1-C7A5-4376-A066-2A32D752A2FF}</UniqueIdentifier>
      <Extensions>cpp;c;cc;cxx;def;odl;idl;hpj;bat;asm;asmx</Extensions>
    </Filter>
    <Filter Include="헤더 파일">
      <UniqueIdentifier>{93995380-89BD-4b04-88EB-625FBE52EBFB}</UniqueIdentifier>
      <Extensions>h;hh;hpp;hxx;hm;inl;inc;ipp;xsd</Extensions>
    </Filter>
    <Filter Include="리소스 파일">
      <UniqueIdentifier>{67DA6AB6-F800-4c08-8B7A-83BB121AAD01}</UniqueIdentifier>
      <Extensions>rc;ico;cur;bmp;dlg;rc2;rct;bin;rgs;gif;jpg;jpeg;jpe;resx;tiff;tif;png;wav;mfcribbon-ms</Extensions>
    </Filter>
  </ItemGroup>
  <ItemGroup>
    <ClInclude Include="..\SCoreLib\SAttackState.h">
      <Filter>헤더 파일</Filter>
    </ClInclude>
    <ClInclude Include="..\SCoreLib\SBasisStd.h">
      <Filter>헤더 파일</Filter>
    </ClInclude>
    <ClInclude Include="..\SCoreLib\SBitmap.h">
      <Filter>헤더 파일</Filter>
    </ClInclude>
    <ClInclude Include="..\SCoreLib\SBitmapManager.h">
      <Filter>헤더 파일</Filter>
    </ClInclude>
    <ClInclude Include="..\SCoreLib\SCollision.h">
      <Filter>헤더 파일</Filter>
    </ClInclude>
    <ClInclude Include="..\SCoreLib\SCore.h">
      <Filter>헤더 파일</Filter>
    </ClInclude>
    <ClInclude Include="..\SCoreLib\SCoreStd.h">
      <Filter>헤더 파일</Filter>
    </ClInclude>
    <ClInclude Include="..\SCoreLib\SEffect.h">
      <Filter>헤더 파일</Filter>
    </ClInclude>
    <ClInclude Include="..\SCoreLib\SEnemyState.h">
      <Filter>헤더 파일</Filter>
    </ClInclude>
    <ClInclude Include="..\SCoreLib\SFiniteState.h">
      <Filter>헤더 파일</Filter>
    </ClInclude>
    <ClInclude Include="..\SCoreLib\SFiniteStateMachine.h">
      <Filter>헤더 파일</Filter>
    </ClInclude>
    <ClInclude Include="..\SCoreLib\SGameUser.h">
      <Filter>헤더 파일</Filter>
    </ClInclude>
    <ClInclude Include="..\SCoreLib\SGraphicAPI.h">
      <Filter>헤더 파일</Filter>
    </ClInclude>
    <ClInclude Include="..\SCoreLib\SInput.h">
      <Filter>헤더 파일</Filter>
    </ClInclude>
    <ClInclude Include="..\SCoreLib\SItemObject.h">
      <Filter>헤더 파일</Filter>
    </ClInclude>
    <ClInclude Include="..\SCoreLib\SMath.h">
      <Filter>헤더 파일</Filter>
    </ClInclude>
    <ClInclude Include="..\SCoreLib\SMoveState.h">
      <Filter>헤더 파일</Filter>
    </ClInclude>
    <ClInclude Include="..\SCoreLib\SNpcObject.h">
      <Filter>헤더 파일</Filter>
    </ClInclude>
    <ClInclude Include="..\SCoreLib\SObject.h">
      <Filter>헤더 파일</Filter>
    </ClInclude>
    <ClInclude Include="..\SCoreLib\SObjectManager.h">
      <Filter>헤더 파일</Filter>
    </ClInclude>
    <ClInclude Include="..\SCoreLib\SPlayerState.h">
      <Filter>헤더 파일</Filter>
    </ClInclude>
    <ClInclude Include="..\SCoreLib\SProjectile.h">
      <Filter>헤더 파일</Filter>
    </ClInclude>
    <ClInclude Include="..\SCoreLib\SScene.h">
      <Filter>헤더 파일</Filter>
    </ClInclude>
    <ClInclude Include="..\SCoreLib\SSound.h">
      <Filter>헤더 파일</Filter>
    </ClInclude>
    <ClInclude Include="..\SCoreLib\SSoundManager.h">
      <Filter>헤더 파일</Filter>
    </ClInclude>
    <ClInclude Include="..\SCoreLib\SStandState.h">
      <Filter>헤더 파일</Filter>
    </ClInclude>
    <ClInclude Include="..\SCoreLib\SStd.h">
      <Filter>헤더 파일</Filter>
    </ClInclude>
    <ClInclude Include="..\SCoreLib\STimer.h">
      <Filter>헤더 파일</Filter>
    </ClInclude>
    <ClInclude Include="..\SCoreLib\SUserInterface.h">
      <Filter>헤더 파일</Filter>
    </ClInclude>
    <ClInclude Include="..\SCoreLib\SWindow.h">
      <Filter>헤더 파일</Filter>
    </ClInclude>
    <ClInclude Include="..\SCoreLib\SWrite.h">
      <Filter>헤더 파일</Filter>
    </ClInclude>
  </ItemGroup>
  <ItemGroup>
    <ClCompile Include="..\SCoreLib\SAttackState.cpp">
      <Filter>소스 파일</Filter>
    </ClCompile>
    <ClCompile Include="..\SCoreLib\SBitmap.cpp">
      <Filter>소스 파일</Filter>
    </ClCompile>
    <ClCompile Include="..\SCoreLib\SBitmapManager.cpp">
      <Filter>소스 파일</Filter>
    </ClCompile>
    <ClCompile Include="..\SCoreLib\SCollision.cpp">
      <Filter>소스 파일</Filter>
    </ClCompile>
    <ClCompile Include="..\SCoreLib\SCore.cpp">
      <Filter>소스 파일</Filter>
    </ClCompile>
    <ClCompile Include="..\SCoreLib\SEffect.cpp">
      <Filter>소스 파일</Filter>
    </ClCompile>
    <ClCompile Include="..\SCoreLib\SEnemyState.cpp">
      <Filter>소스 파일</Filter>
    </ClCompile>
    <ClCompile Include="..\SCoreLib\SFiniteState.cpp">
      <Filter>소스 파일</Filter>
    </ClCompile>
    <ClCompile Include="..\SCoreLib\SFiniteStateMachine.cpp">
      <Filter>소스 파일</Filter>
    </ClCompile>
    <ClCompile Include="..\SCoreLib\SGameUser.cpp">
      <Filter>소스 파일</Filter>
    </ClCompile>
    <ClCompile Include="..\SCoreLib\SGraphicAPI.cpp">
      <Filter>소스 파일</Filter>
    </ClCompile>
    <ClCompile Include="..\SCoreLib\SInput.cpp">
      <Filter>소스 파일</Filter>
    </ClCompile>
    <ClCompile Include="..\SCoreLib\SItemObject.cpp">
      <Filter>소스 파일</Filter>
    </ClCompile>
    <ClCompile Include="..\SCoreLib\SMath.cpp">
      <Filter>소스 파일</Filter>
    </ClCompile>
    <ClCompile Include="..\SCoreLib\SMoveState.cpp">
      <Filter>소스 파일</Filter>
    </ClCompile>
    <ClCompile Include="..\SCoreLib\SNpcObject.cpp">
      <Filter>소스 파일</Filter>
    </ClCompile>
    <ClCompile Include="..\SCoreLib\SObject.cpp">
      <Filter>소스 파일</Filter>
    </ClCompile>
    <ClCompile Include="..\SCoreLib\SObjectManager.cpp">
      <Filter>소스 파일</Filter>
    </ClCompile>
    <ClCompile Include="..\SCoreLib\SPlayerState.cpp">
      <Filter>소스 파일</Filter>
    </ClCompile>
    <ClCompile Include="..\SCoreLib\SProjectile.cpp">
      <Filter>소스 파일</Filter>
    </ClCompile>
    <ClCompile Include="..\SCoreLib\SScene.cpp">
      <Filter>소스 파일</Filter>
    </ClCompile>
    <ClCompile Include="..\SCoreLib\SSound.cpp">
      <Filter>소스 파일</Filter>
    </ClCompile>
    <ClCompile Include="..\SCoreLib\SSoundManager.cpp">
      <Filter>소스 파일</Filter>
    </ClCompile>
    <ClCompile Include="..\SCoreLib\SStandState.cpp">
      <Filter>소스 파일</Filter>
    </ClCompile>
    <ClCompile Include="..\SCoreLib\STimer.cpp">
      <Filter>소스 파일</Filter>
    </ClCompile>
    <ClCompile Include="..\SCoreLib\SUserInterface.cpp">
      <Filter>소스 파일</Filter>
    </ClCompile>
    <ClCompile Include="..\SCoreLib\SWindow.cpp">
      <Filter>소스 파일</Filter>
    </ClCompile>
    <ClCompile Include="..\SCoreLib\SWrite.cpp">
      <Filter>소스 파일</Filter>
    </ClCompile>
  </ItemGroup>
</Project>